
Microsoft Visual Studio Solution File, Format Version 12.00
# Visual Studio Version 17
VisualStudioVersion = 17.8.34309.116
MinimumVisualStudioVersion = 10.0.40219.1
Project("{FAE04EC0-301F-11D3-BF4B-00C04F79EFBC}") = "TimeBasedKeyValueStore", "TimeBasedKeyValueStore.csproj", "{739831DF-CE3D-486A-B92B-414499A62F23}"
EndProject
Project("{FAE04EC0-301F-11D3-BF4B-00C04F79EFBC}") = "TimeBasedKeyValueStoreTests", "TimeBasedKeyValueStoreTests\TimeBasedKeyValueStoreTests.csproj", "{7867906D-81B3-45FF-BAC1-8FF6E7A6EDE1}"
EndProject
Global
	GlobalSection(SolutionConfigurationPlatforms) = preSolution
		Debug|Any CPU = Debug|Any CPU
		Release|Any CPU = Release|Any CPU
	EndGlobalSection
	GlobalSection(ProjectConfigurationPlatforms) = postSolution
		{739831DF-CE3D-486A-B92B-414499A62F23}.Debug|Any CPU.ActiveCfg = Debug|Any CPU
		{739831DF-CE3D-486A-B92B-414499A62F23}.Debug|Any CPU.Build.0 = Debug|Any CPU
		{739831DF-CE3D-486A-B92B-414499A62F23}.Release|Any CPU.ActiveCfg = Release|Any CPU
		{739831DF-CE3D-486A-B92B-414499A62F23}.Release|Any CPU.Build.0 = Release|Any CPU
		{7867906D-81B3-45FF-BAC1-8FF6E7A6EDE1}.Debug|Any CPU.ActiveCfg = Debug|Any CPU
		{7867906D-81B3-45FF-BAC1-8FF6E7A6EDE1}.Debug|Any CPU.Build.0 = Debug|Any CPU
		{7867906D-81B3-45FF-BAC1-8FF6E7A6EDE1}.Release|Any CPU.ActiveCfg = Release|Any CPU
		{7867906D-81B3-45FF-BAC1-8FF6E7A6EDE1}.Release|Any CPU.Build.0 = Release|Any CPU
	EndGlobalSection
	GlobalSection(SolutionProperties) = preSolution
		HideSolutionNode = FALSE
	EndGlobalSection
	GlobalSection(ExtensibilityGlobals) = postSolution
		SolutionGuid = {2C32780E-E691-49CD-9CF4-B3C81CE8B784}
	EndGlobalSection
EndGlobal
